# This file is automatically @generated by Cargo.
# It is not intended for manual editing.
version = 4

[[package]]
name = "z_cache_cli"
version = "0.1.0"

[[package]]
name = "z_cache_core"
version = "0.1.0"

[[package]]
name = "z_cache_ffi"
version = "0.1.0"

[[package]]
name = "z_cache_server"
version = "0.1.0"
